
Microsoft Visual Studio Solution File, Format Version 12.00
# Visual Studio Version 17
VisualStudioVersion = 17.9.34701.34
MinimumVisualStudioVersion = 10.0.40219.1
Project("{FAE04EC0-301F-11D3-BF4B-00C04F79EFBC}") = "SE2NoAudioMuteWhenInactive", "SE2NoAudioMuteWhenInactive\SE2NoAudioMuteWhenInactive.csproj", "{2CF70FB9-04BA-44EC-BF80-494EEC339EE4}"
EndProject
Global
	GlobalSection(SolutionConfigurationPlatforms) = preSolution
		Debug|Any CPU = Debug|Any CPU
		Release|Any CPU = Release|Any CPU
	EndGlobalSection
	GlobalSection(ProjectConfigurationPlatforms) = postSolution
		{2CF70FB9-04BA-44EC-BF80-494EEC339EE4}.Debug|Any CPU.ActiveCfg = Debug|Any CPU
		{2CF70FB9-04BA-44EC-BF80-494EEC339EE4}.Debug|Any CPU.Build.0 = Debug|Any CPU
		{2CF70FB9-04BA-44EC-BF80-494EEC339EE4}.Release|Any CPU.ActiveCfg = Release|Any CPU
		{2CF70FB9-04BA-44EC-BF80-494EEC339EE4}.Release|Any CPU.Build.0 = Release|Any CPU
	EndGlobalSection
	GlobalSection(SolutionProperties) = preSolution
		HideSolutionNode = FALSE
	EndGlobalSection
	GlobalSection(ExtensibilityGlobals) = postSolution
		SolutionGuid = {99ECDE16-4231-4557-A785-943C70743F96}
	EndGlobalSection
EndGlobal
